{
  "version": 1,
  "dependencies": {
    "net8.0": {
      "McMaster.Extensions.CommandLineUtils": {
        "type": "Direct",
        "requested": "[4.1.1, )",
        "resolved": "4.1.1",
        "contentHash": "zxgDY+G5yVq2q8sVB3Z275Qkxed1jC95nwAfnlSyoG4l5Nicvd4+ke1jXusEZEfyuErlAgXCKS937c13FmZWBg==",
        "dependencies": {
          "System.ComponentModel.Annotations": "5.0.0"
        }
      },
      "NuGet.Versioning": {
        "type": "Transitive",
        "resolved": "6.13.1",
        "contentHash": "WE0icmymp5K1GrSgIWfePeu93eLYOrjNTTi5swZkCzq5f2/LL5qlgBOLE8dv+q0roLHsr/MhuT8IPmz2x58lEw=="
      },
      "System.ComponentModel.Annotations": {
        "type": "Transitive",
        "resolved": "5.0.0",
        "contentHash": "dMkqfy2el8A8/I76n2Hi1oBFEbG1SfxD2l5nhwXV3XjlnOmwxJlQbYpJH4W51odnU9sARCSAgv7S3CyAFMkpYg=="
      },
      "minver.lib": {
        "type": "Project",
        "dependencies": {
          "NuGet.Versioning": "[6.13.1, )"
        }
      }
    },
    "net9.0": {
      "McMaster.Extensions.CommandLineUtils": {
        "type": "Direct",
        "requested": "[4.1.1, )",
        "resolved": "4.1.1",
        "contentHash": "zxgDY+G5yVq2q8sVB3Z275Qkxed1jC95nwAfnlSyoG4l5Nicvd4+ke1jXusEZEfyuErlAgXCKS937c13FmZWBg==",
        "dependencies": {
          "System.ComponentModel.Annotations": "5.0.0"
        }
      },
      "NuGet.Versioning": {
        "type": "Transitive",
        "resolved": "6.13.1",
        "contentHash": "WE0icmymp5K1GrSgIWfePeu93eLYOrjNTTi5swZkCzq5f2/LL5qlgBOLE8dv+q0roLHsr/MhuT8IPmz2x58lEw=="
      },
      "System.ComponentModel.Annotations": {
        "type": "Transitive",
        "resolved": "5.0.0",
        "contentHash": "dMkqfy2el8A8/I76n2Hi1oBFEbG1SfxD2l5nhwXV3XjlnOmwxJlQbYpJH4W51odnU9sARCSAgv7S3CyAFMkpYg=="
      },
      "minver.lib": {
        "type": "Project",
        "dependencies": {
          "NuGet.Versioning": "[6.13.1, )"
        }
      }
    }
  }
}