{
  "version": 1,
  "dependencies": {
    "net9.0": {
      "Bullseye": {
        "type": "Direct",
        "requested": "[6.0.0, )",
        "resolved": "6.0.0",
        "contentHash": "vgwwXfzs7jJrskWH7saHRMgPzziq/e86QZNWY1MnMxd7e+De7E7EX4K3C7yrvaK9y02SJoLxNxcLG/q5qUAghw=="
      },
      "SimpleExec": {
        "type": "Direct",
        "requested": "[12.0.0, )",
        "resolved": "12.0.0",
        "contentHash": "ptxlWtxC8vM6Y6e3h9ZTxBBkOWnWrm/Sa1HT+2i1xcXY3Hx2hmKDZP5RShPf8Xr9D+ivlrXNy57ktzyH8kyt+Q=="
      },
      "Microsoft.Extensions.FileSystemGlobbing": {
        "type": "Transitive",
        "resolved": "9.0.2",
        "contentHash": "wAjk+6rvvU4WesskJ6rJX1FYL/S9zvnpqMai/pXb07+gtXpO7DhFfuKzYHwkKN3HAUq2W4CD+YLYenHwAS3DCA=="
      },
      "minvertests.infra": {
        "type": "Project",
        "dependencies": {
          "Microsoft.Extensions.FileSystemGlobbing": "[9.0.2, )",
          "SimpleExec": "[12.0.0, )"
        }
      }
    }
  }
}